# This file is automatically @generated by Cargo.
# It is not intended for manual editing.
version = 3

[[package]]
name = "libc"
version = "0.2.154"
source = "registry+https://github.com/rust-lang/crates.io-index"
checksum = "ae743338b92ff9146ce83992f766a31066a91a8c84a45e0e9f21e7cf6de6d346"

[[package]]
name = "server"
version = "1.0.0"
dependencies = [
 "sgx_types",
 "sgx_urts",
]

[[package]]
name = "sgx_types"
version = "2.0.0"

[[package]]
name = "sgx_uprotected_fs"
version = "2.0.0"
dependencies = [
 "libc",
 "sgx_types",
]

[[package]]
name = "sgx_urts"
version = "2.0.0"
dependencies = [
 "libc",
 "sgx_types",
 "sgx_uprotected_fs",
]
