# This file is automatically @generated by Cargo.
# It is not intended for manual editing.
version = 3

[[package]]
name = "libc"
version = "0.2.153"
source = "registry+https://github.com/rust-lang/crates.io-index"
checksum = "9c198f91728a82281a64e1f4f9eeb25d82cb32a5de251c6bd1b5154d63a8e7bd"

[[package]]
name = "server"
version = "1.0.0"
dependencies = [
 "sgx_types",
 "sgx_urts",
]

[[package]]
name = "sgx_types"
version = "2.0.0"

[[package]]
name = "sgx_uprotected_fs"
version = "2.0.0"
dependencies = [
 "libc",
 "sgx_types",
]

[[package]]
name = "sgx_urts"
version = "2.0.0"
dependencies = [
 "libc",
 "sgx_types",
 "sgx_uprotected_fs",
]
